
Microsoft Visual Studio Solution File, Format Version 12.00
# Visual Studio Version 17
VisualStudioVersion = 17.4.33213.308
MinimumVisualStudioVersion = 10.0.40219.1
Project("{9A19103F-16F7-4668-BE54-9A1E7A4F7556}") = "DataTech.System.Versioning", "DataTech.System.Versioning\DataTech.System.Versioning.csproj", "{DAED246E-EC50-4649-BE0E-1CED9B9547AF}"
EndProject
Global
	GlobalSection(SolutionConfigurationPlatforms) = preSolution
		Debug|Any CPU = Debug|Any CPU
		Release|Any CPU = Release|Any CPU
	EndGlobalSection
	GlobalSection(ProjectConfigurationPlatforms) = postSolution
		{DAED246E-EC50-4649-BE0E-1CED9B9547AF}.Debug|Any CPU.ActiveCfg = Debug|Any CPU
		{DAED246E-EC50-4649-BE0E-1CED9B9547AF}.Debug|Any CPU.Build.0 = Debug|Any CPU
		{DAED246E-EC50-4649-BE0E-1CED9B9547AF}.Release|Any CPU.ActiveCfg = Release|Any CPU
		{DAED246E-EC50-4649-BE0E-1CED9B9547AF}.Release|Any CPU.Build.0 = Release|Any CPU
	EndGlobalSection
	GlobalSection(SolutionProperties) = preSolution
		HideSolutionNode = FALSE
	EndGlobalSection
	GlobalSection(ExtensibilityGlobals) = postSolution
		SolutionGuid = {2B9F5692-EF26-4281-B32E-40979D73CB5F}
	EndGlobalSection
EndGlobal
